
Microsoft Visual Studio Solution File, Format Version 12.00
# Visual Studio Version 17
VisualStudioVersion = 17.11.35312.102
MinimumVisualStudioVersion = 10.0.40219.1
Project("{9A19103F-16F7-4668-BE54-9A1E7A4F7556}") = "CMM1", "CMM1\CMM1.csproj", "{E2464865-9930-4798-99DE-A5D4476CF7FD}"
EndProject
Global
	GlobalSection(SolutionConfigurationPlatforms) = preSolution
		Debug|Any CPU = Debug|Any CPU
		Release|Any CPU = Release|Any CPU
	EndGlobalSection
	GlobalSection(ProjectConfigurationPlatforms) = postSolution
		{E2464865-9930-4798-99DE-A5D4476CF7FD}.Debug|Any CPU.ActiveCfg = Debug|Any CPU
		{E2464865-9930-4798-99DE-A5D4476CF7FD}.Debug|Any CPU.Build.0 = Debug|Any CPU
		{E2464865-9930-4798-99DE-A5D4476CF7FD}.Release|Any CPU.ActiveCfg = Release|Any CPU
		{E2464865-9930-4798-99DE-A5D4476CF7FD}.Release|Any CPU.Build.0 = Release|Any CPU
	EndGlobalSection
	GlobalSection(SolutionProperties) = preSolution
		HideSolutionNode = FALSE
	EndGlobalSection
	GlobalSection(ExtensibilityGlobals) = postSolution
		SolutionGuid = {E40BAA58-0B3B-4512-B483-450F22D03F81}
	EndGlobalSection
EndGlobal
